{
  "requires": true,
  "lockfileVersion": 1,
  "dependencies": {
    "downscale": {
      "version": "1.0.4",
      "resolved": "https://registry.npmjs.org/downscale/-/downscale-1.0.4.tgz",
      "integrity": "sha512-l8pLJ+pBD5qwrXOJElQnFJH7GYr+a0Dt3KuUU4bAK9TGpV+HCIUQDde2tsCsNQ5ySYimX6EgjsuxCx4ba74Vzw=="
    }
  }
}
